# This file is generated by running "yarn install" inside your project.
# Manual changes might be lost - proceed with caution!

__metadata:
  version: 10
  cacheKey: 10

"$repo-utils@link:../scripts/repo-utils::locator=%40babel%2Fbenchmark%40workspace%3Abenchmark":
  version: 0.0.0-use.local
  resolution: "$repo-utils@link:../scripts/repo-utils::locator=%40babel%2Fbenchmark%40workspace%3Abenchmark"
  languageName: node
  linkType: soft

"$repo-utils@link:./scripts/repo-utils::locator=babel%40workspace%3A.":
  version: 0.0.0-use.local
  resolution: "$repo-utils@link:./scripts/repo-utils::locator=babel%40workspace%3A."
  languageName: node
  linkType: soft

"@babel-baseline/cli@npm:@babel/cli@7.27.1":
  version: 7.27.1
  resolution: "@babel/cli@npm:7.27.1"
  peerDependencies:
    "@babel/core": ^7.0.0-0
  dependenciesMeta:
    "@nicolo-ribaudo/chokidar-2":
      optional: true
    chokidar:
      optional: true
  bin:
    babel: ./bin/babel.js
    babel-external-helpers: ./bin/babel-external-helpers.js
  checksum: 10/b16dc3c4242da3e23ef98e68af89b86740bef9cc2a47678e344a6b84a6f40b29d0ee0915bb89067d610c7db2efec1c5d6973f4303f3c762a44dfc87f393c3634
  languageName: node
  linkType: hard

"@rollup/plugin-commonjs@patch:@rollup/plugin-commonjs@npm%3A29.0.2#~/.yarn/patches/@rollup-plugin-commonjs-npm-29.0.2-18c3a497d8.patch":
  version: 29.0.2
  resolution: "@rollup/plugin-commonjs@patch:@rollup/plugin-commonjs@npm%3A29.0.2#~/.yarn/patches/@rollup-plugin-commonjs-npm-29.0.2-18c3a497d8.patch::version=29.0.2&hash=481ead"
  peerDependencies:
    rollup: ^2.68.0||^3.0.0||^4.0.0
  peerDependenciesMeta:
    rollup:
      optional: true
  checksum: 10/e5e62fab06e3a660caec3821a899662fede92edef0b4950ac547a1fec6a02233d58616f292477d7e0ae07f1b17c9bc43b469eefbba8aea7879cc741496ce4edb
  languageName: node
  linkType: hard

"ansi-styles@npm:^4.0.0, ansi-styles@npm:^4.1.0":
  version: 4.3.0
  resolution: "ansi-styles@npm:4.3.0"
  checksum: 10/b4494dfbfc7e4591b4711a396bd27e540f8153914123dccb4cdbbcb514015ada63a3809f362b9d8d4f6b17a706f1d7bea3c6f974b15fa5ae76b5b502070889ff
  languageName: node
  linkType: hard

"chalk@npm:^2.4.2":
  version: 2.4.2
  resolution: "chalk@npm:2.4.2"
  dependencies:
    ansi-styles: "npm:^3.2.1"
  checksum: 10/3d1d103433166f6bfe82ac75724951b33769675252d8417317363ef9d54699b7c3b2d46671b772b893a8e50c3ece70c4b933c73c01e81bc60ea4df9b55afa303
  languageName: node
  linkType: hard

"picocolors@npm:^1.0.0, picocolors@npm:^1.1.1":
  version: 1.1.1
  resolution: "picocolors@npm:1.1.1"
  checksum: 10/e1cf46bf84886c79055fdfa9dcb3e4711ad259949e3565154b004b260cd356c5d54b31a1437ce9782624bf766272fe6b0154f5f0c744fb7af5d454d2b60db045
  languageName: node
  linkType: hard

"babel@workspace:.":
  version: 0.0.0-use.local
  resolution: "babel@workspace:."
  dependencies:
    $repo-utils: "link:./scripts/repo-utils"
    "@babel/cli": "npm:^8.0.1"
    "@rollup/plugin-commonjs": "patch:@rollup/plugin-commonjs@npm%3A29.0.2#~/.yarn/patches/@rollup-plugin-commonjs-npm-29.0.2-18c3a497d8.patch"
  languageName: unknown
  linkType: soft
