# This file is generated by running "yarn install" inside your project.
# Manual changes might be lost - proceed with caution!

__metadata:
  version: 4
  cacheKey: 7

"@algolia/cache-browser-local-storage@npm:4.2.0":
  version: 4.2.0
  resolution: "@algolia/cache-browser-local-storage@npm:4.2.0"
  dependencies:
    "@algolia/cache-common": 4.2.0
  checksum: b7807ef4993a32853650239b3ca2eeec6fb4826d55c422e84d1a7995016868a06e55a45a0302df5079bc9267a0d18818e556e717b7818922e22230a296a8dc3c
  languageName: node
  linkType: hard

"@algolia/cache-common@npm:4.2.0":
  version: 4.2.0
  resolution: "@algolia/cache-common@npm:4.2.0"
  checksum: 4ff7f140f91a2deeac908af5c13f85c2e706ca3277780a4abb88bceb8a74a1b48001e1dc17c5d4aabe49fa41ae1d6be192d0655530b6c3b8de98ab2f173b9761
  languageName: node
  linkType: hard

"@algolia/cache-in-memory@npm:4.2.0":
  version: 4.2.0
  resolution: "@algolia/cache-in-memory@npm:4.2.0"
  dependencies:
    "@algolia/cache-common": 4.2.0
  checksum: e33b569c0e376301d0da3c014806768c7ad50ce10f892c8580d38de635f787908fb397d06470a7b1f84cce47995c5e0cd7976d875beb34480df22f1f002ab0e2
  languageName: node
  linkType: hard

"@algolia/client-account@npm:4.2.0":
  version: 4.2.0
  resolution: "@algolia/client-account@npm:4.2.0"
  dependencies:
    "@algolia/client-common": 4.2.0
    "@algolia/client-search": 4.2.0
    "@algolia/transporter": 4.2.0
  checksum: 4c58c732aa52685a6b47272ba87d008a7c2ca7e85f59665e0158bb238f1c2d398873a8a1b1a4b7bee5afd693fa7f6c4604068998603b6717235891ac05136eb7
  languageName: node
  linkType: hard

"@algolia/client-analytics@npm:4.2.0":
  version: 4.2.0
  resolution: "@algolia/client-analytics@npm:4.2.0"
  dependencies:
    "@algolia/client-common": 4.2.0
    "@algolia/client-search": 4.2.0
    "@algolia/requester-common": 4.2.0
    "@algolia/transporter": 4.2.0
  checksum: 4e99788476c594a430c368eb4d53209d7361006f1ce2e8cc34f7dce585653b01f68e8665f1597d44a6d20500757697d52cd0793c94bbc4f5ff4ed45a1fb16e62
  languageName: node
  linkType: hard

"@algolia/client-common@npm:4.2.0":
  version: 4.2.0
  resolution: "@algolia/client-common@npm:4.2.0"
  dependencies:
    "@algolia/requester-common": 4.2.0
    "@algolia/transporter": 4.2.0
  checksum: 10eea09410fcf8f9b8d99f1aec96c1e9499333d29df1349ce2352d1e5fa6b062c18d14a741261904dee4a7b88c1942322f40270cea497d704ccf9859425e0670
  languageName: node
  linkType: hard

"@algolia/client-recommendation@npm:4.2.0":
  version: 4.2.0
  resolution: "@algolia/client-recommendation@npm:4.2.0"
  dependencies:
    "@algolia/client-common": 4.2.0
    "@algolia/requester-common": 4.2.0
    "@algolia/transporter": 4.2.0
  checksum: eade77f0713f130dcbcaa60150f8d0242ef2b7bf1336242e69a05ece21ca94499376a40f54c320c111283ec5a4f12fa8ab67b83e185cbcd195484a8c094c63dc
  languageName: node
  linkType: hard

"@algolia/client-search@npm:4.2.0":
  version: 4.2.0
  resolution: "@algolia/client-search@npm:4.2.0"
  dependencies:
    "@algolia/client-common": 4.2.0
    "@algolia/requester-common": 4.2.0
    "@algolia/transporter": 4.2.0
  checksum: 322742e558de935b787b6cedbda8f30534cd1990861809c2ee519452f786cbb5f788af2544a105f21872161ea03ba49913cfdabaa14ff706fea428885ece6a28
  languageName: node
  linkType: hard

"@algolia/logger-common@npm:4.2.0":
  version: 4.2.0
  resolution: "@algolia/logger-common@npm:4.2.0"
  checksum: 651162b809ba92f22feb8459456e94507d2b82f2f8f228acceb10de3e9a03694a790d1b50b570780633117ea2cce9645626125128d3b7358dd8d9151a542a4aa
  languageName: node
  linkType: hard

"@algolia/logger-console@npm:4.2.0":
