{
  "name": "web-app",
  "version": "1.0.0",
  "lockfileVersion": 3,
  "requires": true,
  "packages": {
    "": {
      "name": "web-app",
      "version": "1.0.0",
      "dependencies": { "express": "^4.19.0", "picolog": "^2.0.0" },
      "devDependencies": { "@scope/build-util": "^1.2.0" }
    },
    "node_modules/express": { "version": "4.19.2", "dependencies": { "debug": "^4.3.4" } },
    "node_modules/debug": { "version": "4.3.5", "dependencies": { "chalk": "^5.6.0" } },
    "node_modules/chalk": { "version": "5.6.1" },
    "node_modules/picolog": { "version": "2.0.0", "dependencies": { "chalk": "^4.0.0" } },
    "node_modules/picolog/node_modules/chalk": { "version": "4.1.2" },
    "node_modules/@scope/build-util": { "version": "1.2.3" }
  }
}
