{
  "name": "api-service",
  "version": "0.3.0",
  "lockfileVersion": 2,
  "requires": true,
  "packages": {
    "": { "name": "api-service", "version": "0.3.0", "dependencies": { "express": "^4.19.0" } },
    "node_modules/express": { "version": "4.19.2", "dependencies": { "debug": "^4.3.4" } },
    "node_modules/debug": { "version": "4.3.5", "dependencies": { "chalk": "^5.6.0" } },
    "node_modules/chalk": { "version": "5.6.1" }
  },
  "dependencies": {
    "express": { "version": "4.19.2", "requires": { "debug": "^4.3.4" } },
    "debug": { "version": "4.3.5", "requires": { "chalk": "^5.6.0" } },
    "chalk": { "version": "5.6.1" }
  }
}
