{
  "name": "legacy-app",
  "version": "2.1.0",
  "lockfileVersion": 1,
  "requires": true,
  "dependencies": {
    "express": { "version": "4.17.1", "requires": { "debug": "^2.6.9" } },
    "debug": { "version": "2.6.9", "requires": { "ms": "2.0.0" } },
    "ms": { "version": "2.0.0" },
    "chalk": {
      "version": "5.6.1",
      "dependencies": {
        "ansi-styles": { "version": "6.2.1" }
      }
    }
  }
}
